
Microsoft Visual Studio Solution File, Format Version 11.00
# Visual Studio 2010
Project("{FAE04EC0-301F-11D3-BF4B-00C04F79EFBC}") = "Utils", "Utils\Utils.csproj", "{314103EA-3787-49A9-ABBE-F26502B8D459}"
EndProject
Project("{FAE04EC0-301F-11D3-BF4B-00C04F79EFBC}") = "SwarmInteligence", "SwarmIntelligence\SwarmInteligence.csproj", "{2FACFBFE-7D25-4F20-96D6-EFC7F742988A}"
EndProject
Project("{FAE04EC0-301F-11D3-BF4B-00C04F79EFBC}") = "Test", "Test\Test.csproj", "{81CC1B1B-6EBA-4F2F-9554-A0286B1E8AC1}"
EndProject
Project("{FAE04EC0-301F-11D3-BF4B-00C04F79EFBC}") = "SILibrary", "SILibrary\SILibrary.csproj", "{946A0892-9823-49F6-9D96-3B2B90B6C9C0}"
EndProject
Project("{FAE04EC0-301F-11D3-BF4B-00C04F79EFBC}") = "Common", "Common\Common.csproj", "{2BC749DB-5C4C-403A-9391-8FC43719D93A}"
EndProject
Project("{FAE04EC0-301F-11D3-BF4B-00C04F79EFBC}") = "Common.Test", "Common.Test\Common.Test.csproj", "{AFCB32EC-DFCF-4B5D-AD23-F34CBC0C48DD}"
EndProject
Project("{FAE04EC0-301F-11D3-BF4B-00C04F79EFBC}") = "WolfsAndPreys", "Example1\WolfsAndPreys.csproj", "{286318FD-17BB-4F1A-8A62-29943E0589E1}"
EndProject
Project("{FAE04EC0-301F-11D3-BF4B-00C04F79EFBC}") = "WolfsAndPreysWpf", "WpfApplication1\WolfsAndPreysWpf.csproj", "{920B8278-6167-49F4-9A75-077FD0622980}"
EndProject
Project("{FAE04EC0-301F-11D3-BF4B-00C04F79EFBC}") = "HamiltonianCycle", "Example2\HamiltonianCycle.csproj", "{C922FA30-7571-4FD4-89E1-30F4BBCDD29F}"
EndProject
Project("{2150E333-8FDC-42A3-9474-1A3956D46DE8}") = "Examples", "Examples", "{7B74C2EC-B409-40EF-99C6-6011B6CFF887}"
EndProject
Global
	GlobalSection(SolutionConfigurationPlatforms) = preSolution
		Debug|Any CPU = Debug|Any CPU
		Debug|Mixed Platforms = Debug|Mixed Platforms
		Debug|x86 = Debug|x86
		Release|Any CPU = Release|Any CPU
		Release|Mixed Platforms = Release|Mixed Platforms
		Release|x86 = Release|x86
	EndGlobalSection
	GlobalSection(ProjectConfigurationPlatforms) = postSolution
		{314103EA-3787-49A9-ABBE-F26502B8D459}.Debug|Any CPU.ActiveCfg = Debug|Any CPU
		{314103EA-3787-49A9-ABBE-F26502B8D459}.Debug|Any CPU.Build.0 = Debug|Any CPU
		{314103EA-3787-49A9-ABBE-F26502B8D459}.Debug|Mixed Platforms.ActiveCfg = Debug|Any CPU
		{314103EA-3787-49A9-ABBE-F26502B8D459}.Debug|Mixed Platforms.Build.0 = Debug|Any CPU
		{314103EA-3787-49A9-ABBE-F26502B8D459}.Debug|x86.ActiveCfg = Debug|Any CPU
		{314103EA-3787-49A9-ABBE-F26502B8D459}.Release|Any CPU.ActiveCfg = Release|Any CPU
		{314103EA-3787-49A9-ABBE-F26502B8D459}.Release|Any CPU.Build.0 = Release|Any CPU
		{314103EA-3787-49A9-ABBE-F26502B8D459}.Release|Mixed Platforms.ActiveCfg = Release|Any CPU
		{314103EA-3787-49A9-ABBE-F26502B8D459}.Release|Mixed Platforms.Build.0 = Release|Any CPU
		{314103EA-3787-49A9-ABBE-F26502B8D459}.Release|x86.ActiveCfg = Release|Any CPU
		{2FACFBFE-7D25-4F20-96D6-EFC7F742988A}.Debug|Any CPU.ActiveCfg = Debug|Any CPU
		{2FACFBFE-7D25-4F20-96D6-EFC7F742988A}.Debug|Any CPU.Build.0 = Debug|Any CPU
		{2FACFBFE-7D25-4F20-96D6-EFC7F742988A}.Debug|Mixed Platforms.ActiveCfg = Debug|Any CPU
		{2FACFBFE-7D25-4F20-96D6-EFC7F742988A}.Debug|Mixed Platforms.Build.0 = Debug|Any CPU
		{2FACFBFE-7D25-4F20-96D6-EFC7F742988A}.Debug|x86.ActiveCfg = Debug|Any CPU
		{2FACFBFE-7D25-4F20-96D6-EFC7F742988A}.Release|Any CPU.ActiveCfg = Release|Any CPU
		{2FACFBFE-7D25-4F20-96D6-EFC7F742988A}.Release|Any CPU.Build.0 = Release|Any CPU
		{2FACFBFE-7D25-4F20-96D6-EFC7F742988A}.Release|Mixed Platforms.ActiveCfg = Release|Any CPU
		{2FACFBFE-7D25-4F20-96D6-EFC7F742988A}.Release|Mixed Platforms.Build.0 = Release|Any CPU
		{2FACFBFE-7D25-4F20-96D6-EFC7F742988A}.Release|x86.ActiveCfg = Release|Any CPU
		{81CC1B1B-6EBA-4F2F-9554-A0286B1E8AC1}.Debug|Any CPU.ActiveCfg = Debug|Any CPU
		{81CC1B1B-6EBA-4F2F-9554-A0286B1E8AC1}.Debug|Any CPU.Build.0 = Debug|Any CPU
		{81CC1B1B-6EBA-4F2F-9554-A0286B1E8AC1}.Debug|Mixed Platforms.ActiveCfg = Debug|Any CPU
		{81CC1B1B-6EBA-4F2F-9554-A0286B1E8AC1}.Debug|Mixed Platforms.Build.0 = Debug|Any CPU
		{81CC1B1B-6EBA-4F2F-9554-A0286B1E8AC1}.Debug|x86.ActiveCfg = Debug|Any CPU
		{81CC1B1B-6EBA-4F2F-9554-A0286B1E8AC1}.Release|Any CPU.ActiveCfg = Release|Any CPU
		{81CC1B1B-6EBA-4F2F-9554-A0286B1E8AC1}.Release|Any CPU.Build.0 = Release|Any CPU
		{81CC1B1B-6EBA-4F2F-9554-A0286B1E8AC1}.Release|Mixed Platforms.ActiveCfg = Release|Any CPU
		{81CC1B1B-6EBA-4F2F-9554-A0286B1E8AC1}.Release|Mixed Platforms.Build.0 = Release|Any CPU
		{81CC1B1B-6EBA-4F2F-9554-A0286B1E8AC1}.Release|x86.ActiveCfg = Release|Any CPU
		{946A0892-9823-49F6-9D96-3B2B90B6C9C0}.Debug|Any CPU.ActiveCfg = Debug|Any CPU
		{946A0892-9823-49F6-9D96-3B2B90B6C9C0}.Debug|Any CPU.Build.0 = Debug|Any CPU
		{946A0892-9823-49F6-9D96-3B2B90B6C9C0}.Debug|Mixed Platforms.ActiveCfg = Debug|Any CPU
		{946A0892-9823-49F6-9D96-3B2B90B6C9C0}.Debug|Mixed Platforms.Build.0 = Debug|Any CPU
		{946A0892-9823-49F6-9D96-3B2B90B6C9C0}.Debug|x86.ActiveCfg = Debug|Any CPU
		{946A0892-9823-49F6-9D96-3B2B90B6C9C0}.Release|Any CPU.ActiveCfg = Release|Any CPU
		{946A0892-9823-49F6-9D96-3B2B90B6C9C0}.Release|Any CPU.Build.0 = Release|Any CPU
		{946A0892-9823-49F6-9D96-3B2B90B6C9C0}.Release|Mixed Platforms.ActiveCfg = Release|Any CPU
		{946A0892-9823-49F6-9D96-3B2B90B6C9C0}.Release|Mixed Platforms.Build.0 = Release|Any CPU
		{946A0892-9823-49F6-9D96-3B2B90B6C9C0}.Release|x86.ActiveCfg = Release|Any CPU
		{2BC749DB-5C4C-403A-9391-8FC43719D93A}.Debug|Any CPU.ActiveCfg = Debug|Any CPU
		{2BC749DB-5C4C-403A-9391-8FC43719D93A}.Debug|Any CPU.Build.0 = Debug|Any CPU
		{2BC749DB-5C4C-403A-9391-8FC43719D93A}.Debug|Mixed Platforms.ActiveCfg = Debug|Any CPU
		{2BC749DB-5C4C-403A-9391-8FC43719D93A}.Debug|Mixed Platforms.Build.0 = Debug|Any CPU
		{2BC749DB-5C4C-403A-9391-8FC43719D93A}.Debug|x86.ActiveCfg = Debug|Any CPU
		{2BC749DB-5C4C-403A-9391-8FC43719D93A}.Release|Any CPU.ActiveCfg = Release|Any CPU
		{2BC749DB-5C4C-403A-9391-8FC43719D93A}.Release|Any CPU.Build.0 = Release|Any CPU
		{2BC749DB-5C4C-403A-9391-8FC43719D93A}.Release|Mixed Platforms.ActiveCfg = Release|Any CPU
		{2BC749DB-5C4C-403A-9391-8FC43719D93A}.Release|Mixed Platforms.Build.0 = Release|Any CPU
		{2BC749DB-5C4C-403A-9391-8FC43719D93A}.Release|x86.ActiveCfg = Release|Any CPU
		{AFCB32EC-DFCF-4B5D-AD23-F34CBC0C48DD}.Debug|Any CPU.ActiveCfg = Debug|Any CPU
		{AFCB32EC-DFCF-4B5D-AD23-F34CBC0C48DD}.Debug|Any CPU.Build.0 = Debug|Any CPU
		{AFCB32EC-DFCF-4B5D-AD23-F34CBC0C48DD}.Debug|Mixed Platforms.ActiveCfg = Debug|Any CPU
		{AFCB32EC-DFCF-4B5D-AD23-F34CBC0C48DD}.Debug|Mixed Platforms.Build.0 = Debug|Any CPU
		{AFCB32EC-DFCF-4B5D-AD23-F34CBC0C48DD}.Debug|x86.ActiveCfg = Debug|Any CPU
		{AFCB32EC-DFCF-4B5D-AD23-F34CBC0C48DD}.Release|Any CPU.ActiveCfg = Release|Any CPU
		{AFCB32EC-DFCF-4B5D-AD23-F34CBC0C48DD}.Release|Any CPU.Build.0 = Release|Any CPU
		{AFCB32EC-DFCF-4B5D-AD23-F34CBC0C48DD}.Release|Mixed Platforms.ActiveCfg = Release|Any CPU
		{AFCB32EC-DFCF-4B5D-AD23-F34CBC0C48DD}.Release|Mixed Platforms.Build.0 = Release|Any CPU
		{AFCB32EC-DFCF-4B5D-AD23-F34CBC0C48DD}.Release|x86.ActiveCfg = Release|Any CPU
		{286318FD-17BB-4F1A-8A62-29943E0589E1}.Debug|Any CPU.ActiveCfg = Debug|x86
		{286318FD-17BB-4F1A-8A62-29943E0589E1}.Debug|Mixed Platforms.ActiveCfg = Debug|x86
		{286318FD-17BB-4F1A-8A62-29943E0589E1}.Debug|Mixed Platforms.Build.0 = Debug|x86
		{286318FD-17BB-4F1A-8A62-29943E0589E1}.Debug|x86.ActiveCfg = Debug|x86
		{286318FD-17BB-4F1A-8A62-29943E0589E1}.Debug|x86.Build.0 = Debug|x86
		{286318FD-17BB-4F1A-8A62-29943E0589E1}.Release|Any CPU.ActiveCfg = Release|x86
		{286318FD-17BB-4F1A-8A62-29943E0589E1}.Release|Mixed Platforms.ActiveCfg = Release|x86
		{286318FD-17BB-4F1A-8A62-29943E0589E1}.Release|Mixed Platforms.Build.0 = Release|x86
		{286318FD-17BB-4F1A-8A62-29943E0589E1}.Release|x86.ActiveCfg = Release|x86
		{286318FD-17BB-4F1A-8A62-29943E0589E1}.Release|x86.Build.0 = Release|x86
		{920B8278-6167-49F4-9A75-077FD0622980}.Debug|Any CPU.ActiveCfg = Debug|x86
		{920B8278-6167-49F4-9A75-077FD0622980}.Debug|Mixed Platforms.ActiveCfg = Debug|x86
		{920B8278-6167-49F4-9A75-077FD0622980}.Debug|Mixed Platforms.Build.0 = Debug|x86
		{920B8278-6167-49F4-9A75-077FD0622980}.Debug|x86.ActiveCfg = Debug|x86
		{920B8278-6167-49F4-9A75-077FD0622980}.Debug|x86.Build.0 = Debug|x86
		{920B8278-6167-49F4-9A75-077FD0622980}.Release|Any CPU.ActiveCfg = Release|x86
		{920B8278-6167-49F4-9A75-077FD0622980}.Release|Mixed Platforms.ActiveCfg = Release|x86
		{920B8278-6167-49F4-9A75-077FD0622980}.Release|Mixed Platforms.Build.0 = Release|x86
		{920B8278-6167-49F4-9A75-077FD0622980}.Release|x86.ActiveCfg = Release|x86
		{920B8278-6167-49F4-9A75-077FD0622980}.Release|x86.Build.0 = Release|x86
		{C922FA30-7571-4FD4-89E1-30F4BBCDD29F}.Debug|Any CPU.ActiveCfg = Debug|x86
		{C922FA30-7571-4FD4-89E1-30F4BBCDD29F}.Debug|Mixed Platforms.ActiveCfg = Debug|x86
		{C922FA30-7571-4FD4-89E1-30F4BBCDD29F}.Debug|Mixed Platforms.Build.0 = Debug|x86
		{C922FA30-7571-4FD4-89E1-30F4BBCDD29F}.Debug|x86.ActiveCfg = Debug|x86
		{C922FA30-7571-4FD4-89E1-30F4BBCDD29F}.Debug|x86.Build.0 = Debug|x86
		{C922FA30-7571-4FD4-89E1-30F4BBCDD29F}.Release|Any CPU.ActiveCfg = Release|x86
		{C922FA30-7571-4FD4-89E1-30F4BBCDD29F}.Release|Mixed Platforms.ActiveCfg = Release|x86
		{C922FA30-7571-4FD4-89E1-30F4BBCDD29F}.Release|Mixed Platforms.Build.0 = Release|x86
		{C922FA30-7571-4FD4-89E1-30F4BBCDD29F}.Release|x86.ActiveCfg = Release|x86
		{C922FA30-7571-4FD4-89E1-30F4BBCDD29F}.Release|x86.Build.0 = Release|x86
	EndGlobalSection
	GlobalSection(SolutionProperties) = preSolution
		HideSolutionNode = FALSE
	EndGlobalSection
	GlobalSection(NestedProjects) = preSolution
		{286318FD-17BB-4F1A-8A62-29943E0589E1} = {7B74C2EC-B409-40EF-99C6-6011B6CFF887}
		{C922FA30-7571-4FD4-89E1-30F4BBCDD29F} = {7B74C2EC-B409-40EF-99C6-6011B6CFF887}
		{920B8278-6167-49F4-9A75-077FD0622980} = {7B74C2EC-B409-40EF-99C6-6011B6CFF887}
	EndGlobalSection
EndGlobal
