
Microsoft Visual Studio Solution File, Format Version 11.00
# Visual Studio 2010
Project("{FAE04EC0-301F-11D3-BF4B-00C04F79EFBC}") = "Utils", "Utils\Utils.csproj", "{314103EA-3787-49A9-ABBE-F26502B8D459}"
EndProject
Project("{FAE04EC0-301F-11D3-BF4B-00C04F79EFBC}") = "SwarmInteligence", "SwarmIntelligence\SwarmInteligence.csproj", "{2FACFBFE-7D25-4F20-96D6-EFC7F742988A}"
EndProject
Project("{FAE04EC0-301F-11D3-BF4B-00C04F79EFBC}") = "Test", "Test\Test.csproj", "{81CC1B1B-6EBA-4F2F-9554-A0286B1E8AC1}"
EndProject
Project("{FAE04EC0-301F-11D3-BF4B-00C04F79EFBC}") = "SILibrary", "SILibrary\SILibrary.csproj", "{946A0892-9823-49F6-9D96-3B2B90B6C9C0}"
EndProject
Project("{FAE04EC0-301F-11D3-BF4B-00C04F79EFBC}") = "Common", "Common\Common.csproj", "{2BC749DB-5C4C-403A-9391-8FC43719D93A}"
EndProject
Project("{FAE04EC0-301F-11D3-BF4B-00C04F79EFBC}") = "Common.Test", "Common.Test\Common.Test.csproj", "{AFCB32EC-DFCF-4B5D-AD23-F34CBC0C48DD}"
EndProject
Project("{FAE04EC0-301F-11D3-BF4B-00C04F79EFBC}") = "DITestAssembly", "DITestAssembly\DITestAssembly.csproj", "{5FBBA9E6-C37C-43A3-8838-0B47CD9322C7}"
EndProject
Global
	GlobalSection(SolutionConfigurationPlatforms) = preSolution
		Debug|Any CPU = Debug|Any CPU
		Release|Any CPU = Release|Any CPU
	EndGlobalSection
	GlobalSection(ProjectConfigurationPlatforms) = postSolution
		{314103EA-3787-49A9-ABBE-F26502B8D459}.Debug|Any CPU.ActiveCfg = Debug|Any CPU
		{314103EA-3787-49A9-ABBE-F26502B8D459}.Debug|Any CPU.Build.0 = Debug|Any CPU
		{314103EA-3787-49A9-ABBE-F26502B8D459}.Release|Any CPU.ActiveCfg = Release|Any CPU
		{314103EA-3787-49A9-ABBE-F26502B8D459}.Release|Any CPU.Build.0 = Release|Any CPU
		{2FACFBFE-7D25-4F20-96D6-EFC7F742988A}.Debug|Any CPU.ActiveCfg = Debug|Any CPU
		{2FACFBFE-7D25-4F20-96D6-EFC7F742988A}.Debug|Any CPU.Build.0 = Debug|Any CPU
		{2FACFBFE-7D25-4F20-96D6-EFC7F742988A}.Release|Any CPU.ActiveCfg = Release|Any CPU
		{2FACFBFE-7D25-4F20-96D6-EFC7F742988A}.Release|Any CPU.Build.0 = Release|Any CPU
		{81CC1B1B-6EBA-4F2F-9554-A0286B1E8AC1}.Debug|Any CPU.ActiveCfg = Debug|Any CPU
		{81CC1B1B-6EBA-4F2F-9554-A0286B1E8AC1}.Debug|Any CPU.Build.0 = Debug|Any CPU
		{81CC1B1B-6EBA-4F2F-9554-A0286B1E8AC1}.Release|Any CPU.ActiveCfg = Release|Any CPU
		{81CC1B1B-6EBA-4F2F-9554-A0286B1E8AC1}.Release|Any CPU.Build.0 = Release|Any CPU
		{946A0892-9823-49F6-9D96-3B2B90B6C9C0}.Debug|Any CPU.ActiveCfg = Debug|Any CPU
		{946A0892-9823-49F6-9D96-3B2B90B6C9C0}.Debug|Any CPU.Build.0 = Debug|Any CPU
		{946A0892-9823-49F6-9D96-3B2B90B6C9C0}.Release|Any CPU.ActiveCfg = Release|Any CPU
		{946A0892-9823-49F6-9D96-3B2B90B6C9C0}.Release|Any CPU.Build.0 = Release|Any CPU
		{2BC749DB-5C4C-403A-9391-8FC43719D93A}.Debug|Any CPU.ActiveCfg = Debug|Any CPU
		{2BC749DB-5C4C-403A-9391-8FC43719D93A}.Debug|Any CPU.Build.0 = Debug|Any CPU
		{2BC749DB-5C4C-403A-9391-8FC43719D93A}.Release|Any CPU.ActiveCfg = Release|Any CPU
		{2BC749DB-5C4C-403A-9391-8FC43719D93A}.Release|Any CPU.Build.0 = Release|Any CPU
		{AFCB32EC-DFCF-4B5D-AD23-F34CBC0C48DD}.Debug|Any CPU.ActiveCfg = Debug|Any CPU
		{AFCB32EC-DFCF-4B5D-AD23-F34CBC0C48DD}.Debug|Any CPU.Build.0 = Debug|Any CPU
		{AFCB32EC-DFCF-4B5D-AD23-F34CBC0C48DD}.Release|Any CPU.ActiveCfg = Release|Any CPU
		{AFCB32EC-DFCF-4B5D-AD23-F34CBC0C48DD}.Release|Any CPU.Build.0 = Release|Any CPU
		{5FBBA9E6-C37C-43A3-8838-0B47CD9322C7}.Debug|Any CPU.ActiveCfg = Debug|Any CPU
		{5FBBA9E6-C37C-43A3-8838-0B47CD9322C7}.Debug|Any CPU.Build.0 = Debug|Any CPU
		{5FBBA9E6-C37C-43A3-8838-0B47CD9322C7}.Release|Any CPU.ActiveCfg = Release|Any CPU
		{5FBBA9E6-C37C-43A3-8838-0B47CD9322C7}.Release|Any CPU.Build.0 = Release|Any CPU
	EndGlobalSection
	GlobalSection(SolutionProperties) = preSolution
		HideSolutionNode = FALSE
	EndGlobalSection
EndGlobal
